
Microsoft Visual Studio Solution File, Format Version 12.00
# Visual Studio Version 16
VisualStudioVersion = 16.0.36602.28
MinimumVisualStudioVersion = 10.0.40219.1
Project("{FAE04EC0-301F-11D3-BF4B-00C04F79EFBC}") = "AdminOldal", "AdminOldal\AdminOldal.csproj", "{806BD6BF-15AD-48E1-942B-CDB5B5E69719}"
EndProject
Global
	GlobalSection(SolutionConfigurationPlatforms) = preSolution
		Debug|Any CPU = Debug|Any CPU
		Release|Any CPU = Release|Any CPU
	EndGlobalSection
	GlobalSection(ProjectConfigurationPlatforms) = postSolution
		{806BD6BF-15AD-48E1-942B-CDB5B5E69719}.Debug|Any CPU.ActiveCfg = Debug|Any CPU
		{806BD6BF-15AD-48E1-942B-CDB5B5E69719}.Debug|Any CPU.Build.0 = Debug|Any CPU
		{806BD6BF-15AD-48E1-942B-CDB5B5E69719}.Release|Any CPU.ActiveCfg = Release|Any CPU
		{806BD6BF-15AD-48E1-942B-CDB5B5E69719}.Release|Any CPU.Build.0 = Release|Any CPU
	EndGlobalSection
	GlobalSection(SolutionProperties) = preSolution
		HideSolutionNode = FALSE
	EndGlobalSection
	GlobalSection(ExtensibilityGlobals) = postSolution
		SolutionGuid = {7A656562-1EB2-4662-A6B2-90C2E77D73C2}
	EndGlobalSection
EndGlobal
